// !$*UTF8*$!
{
	archiveVersion = 1;
	classes = {
	};
	objectVersion = 46;
	objects = {

/* Begin PBXBuildFile section */
		A26360551B73EA1C002F24D7 /* main.m in Sources */ = {isa = PBXBuildFile; fileRef = A26360541B73EA1C002F24D7 /* main.m */; };
		A26360581B73EA1C002F24D7 /* AppDelegate.m in Sources */ = {isa = PBXBuildFile; fileRef = A26360571B73EA1C002F24D7 /* AppDelegate.m */; };
		A263605B1B73EA1C002F24D7 /* GameScene.m in Sources */ = {isa = PBXBuildFile; fileRef = A263605A1B73EA1C002F24D7 /* GameScene.m */; };
		A263605D1B73EA1C002F24D7 /* GameScene.sks in Resources */ = {isa = PBXBuildFile; fileRef = A263605C1B73EA1C002F24D7 /* GameScene.sks */; };
		A26360601B73EA1C002F24D7 /* GameViewController.m in Sources */ = {isa = PBXBuildFile; fileRef = A263605F1B73EA1C002F24D7 /* GameViewController.m */; };
		A26360631B73EA1C002F24D7 /* Main.storyboard in Resources */ = {isa = PBXBuildFile; fileRef = A26360611B73EA1C002F24D7 /* Main.storyboard */; };
		A26360651B73EA1C002F24D7 /* Images.xcassets in Resources */ = {isa = PBXBuildFile; fileRef = A26360641B73EA1C002F24D7 /* Images.xcassets */; };
		A26360681B73EA1C002F24D7 /* LaunchScreen.xib in Resources */ = {isa = PBXBuildFile; fileRef = A26360661B73EA1C002F24D7 /* LaunchScreen.xib */; };
		A26360741B73EA1C002F24D7 /* Bouncing_BallsTests.m in Sources */ = {isa = PBXBuildFile; fileRef = A26360731B73EA1C002F24D7 /* Bouncing_BallsTests.m */; };
		A2691FCF1B7815B800A2159E /* 8Ball@2x.png in Resources */ = {isa = PBXBuildFile; fileRef = A2691FCC1B7815B800A2159E /* 8Ball@2x.png */; };
		A2691FD01B7815B800A2159E /* BeachBall@2x.png in Resources */ = {isa = PBXBuildFile; fileRef = A2691FCD1B7815B800A2159E /* BeachBall@2x.png */; };
		A2691FD11B7815B800A2159E /* SoccerBall@2x.png in Resources */ = {isa = PBXBuildFile; fileRef = A2691FCE1B7815B800A2159E /* SoccerBall@2x.png */; };
/* End PBXBuildFile section */

/* Begin PBXContainerItemProxy section */
		A263606E1B73EA1C002F24D7 /* PBXContainerItemProxy */ = {
			isa = PBXContainerItemProxy;
			containerPortal = A26360471B73EA1C002F24D7 /* Project object */;
			proxyType = 1;
			remoteGlobalIDString = A263604E1B73EA1C002F24D7;
			remoteInfo = "Bouncing Balls";
		};
/* End PBXContainerItemProxy section */

/* Begin PBXFileReference section */
		A263604F1B73EA1C002F24D7 /* Bouncing Balls.app */ = {isa = PBXFileReference; explicitFileType = wrapper.application; includeInIndex = 0; path = "Bouncing Balls.app"; sourceTree = BUILT_PRODUCTS_DIR; };
		A26360531B73EA1C002F24D7 /* Info.plist */ = {isa = PBXFileReference; lastKnownFileType = text.plist.xml; path = Info.plist; sourceTree = "<group>"; };
		A26360541B73EA1C002F24D7 /* main.m */ = {isa = PBXFileReference; lastKnownFileType = sourcecode.c.objc; path = main.m; sourceTree = "<group>"; };
		A26360561B73EA1C002F24D7 /* AppDelegate.h */ = {isa = PBXFileReference; lastKnownFileType = sourcecode.c.h; path = AppDelegate.h; sourceTree = "<group>"; };
		A26360571B73EA1C002F24D7 /* AppDelegate.m */ = {isa = PBXFileReference; lastKnownFileType = sourcecode.c.objc; path = AppDelegate.m; sourceTree = "<group>"; };
		A26360591B73EA1C002F24D7 /* GameScene.h */ = {isa = PBXFileReference; lastKnownFileType = sourcecode.c.h; path = GameScene.h; sourceTree = "<group>"; };
		A263605A1B73EA1C002F24D7 /* GameScene.m */ = {isa = PBXFileReference; lastKnownFileType = sourcecode.c.objc; path = GameScene.m; sourceTree = "<group>"; };
		A263605C1B73EA1C002F24D7 /* GameScene.sks */ = {isa = PBXFileReference; lastKnownFileType = file.sks; path = GameScene.sks; sourceTree = "<group>"; };
		A263605E1B73EA1C002F24D7 /* GameViewController.h */ = {isa = PBXFileReference; lastKnownFileType = sourcecode.c.h; path = GameViewController.h; sourceTree = "<group>"; };
		A263605F1B73EA1C002F24D7 /* GameViewController.m */ = {isa = PBXFileReference; lastKnownFileType = sourcecode.c.objc; path = GameViewController.m; sourceTree = "<group>"; };
		A26360621B73EA1C002F24D7 /* Base */ = {isa = PBXFileReference; lastKnownFileType = file.storyboard; name = Base; path = Base.lproj/Main.storyboard; sourceTree = "<group>"; };
		A26360641B73EA1C002F24D7 /* Images.xcassets */ = {isa = PBXFileReference; lastKnownFileType = folder.assetcatalog; path = Images.xcassets; sourceTree = "<group>"; };
		A26360671B73EA1C002F24D7 /* Base */ = {isa = PBXFileReference; lastKnownFileType = file.xib; name = Base; path = Base.lproj/LaunchScreen.xib; sourceTree = "<group>"; };
		A263606D1B73EA1C002F24D7 /* Bouncing BallsTests.xctest */ = {isa = PBXFileReference; explicitFileType = wrapper.cfbundle; includeInIndex = 0; path = "Bouncing BallsTests.xctest"; sourceTree = BUILT_PRODUCTS_DIR; };
		A26360721B73EA1C002F24D7 /* Info.plist */ = {isa = PBXFileReference; lastKnownFileType = text.plist.xml; path = Info.plist; sourceTree = "<group>"; };
		A26360731B73EA1C002F24D7 /* Bouncing_BallsTests.m */ = {isa = PBXFileReference; lastKnownFileType = sourcecode.c.objc; path = Bouncing_BallsTests.m; sourceTree = "<group>"; };
		A2691FCC1B7815B800A2159E /* 8Ball@2x.png */ = {isa = PBXFileReference; lastKnownFileType = image.png; name = "8Ball@2x.png"; path = "../8Ball@2x.png"; sourceTree = "<group>"; };
		A2691FCD1B7815B800A2159E /* BeachBall@2x.png */ = {isa = PBXFileReference; lastKnownFileType = image.png; name = "BeachBall@2x.png"; path = "../BeachBall@2x.png"; sourceTree = "<group>"; };
		A2691FCE1B7815B800A2159E /* SoccerBall@2x.png */ = {isa = PBXFileReference; lastKnownFileType = image.png; name = "SoccerBall@2x.png"; path = "../SoccerBall@2x.png"; sourceTree = "<group>"; };
/* End PBXFileReference section */

/* Begin PBXFrameworksBuildPhase section */
		A263604C1B73EA1C002F24D7 /* Frameworks */ = {
			isa = PBXFrameworksBuildPhase;
			buildActionMask = 2147483647;
			files = (
			);
			runOnlyForDeploymentPostprocessing = 0;
		};
		A263606A1B73EA1C002F24D7 /* Frameworks */ = {
			isa = PBXFrameworksBuildPhase;
			buildActionMask = 2147483647;
			files = (
			);
			runOnlyForDeploymentPostprocessing = 0;
		};
/* End PBXFrameworksBuildPhase section */

/* Begin PBXGroup section */
		A26360461B73EA1C002F24D7 = {
			isa = PBXGroup;
			children = (
				A26360511B73EA1C002F24D7 /* Bouncing Balls */,
				A26360701B73EA1C002F24D7 /* Bouncing BallsTests */,
				A26360501B73EA1C002F24D7 /* Products */,
			);
			sourceTree = "<group>";
		};
		A26360501B73EA1C002F24D7 /* Products */ = {
			isa = PBXGroup;
			children = (
				A263604F1B73EA1C002F24D7 /* Bouncing Balls.app */,
				A263606D1B73EA1C002F24D7 /* Bouncing BallsTests.xctest */,
			);
			name = Products;
			sourceTree = "<group>";
		};
		A26360511B73EA1C002F24D7 /* Bouncing Balls */ = {
			isa = PBXGroup;
			children = (
				A2691FCC1B7815B800A2159E /* 8Ball@2x.png */,
				A2691FCD1B7815B800A2159E /* BeachBall@2x.png */,
				A2691FCE1B7815B800A2159E /* SoccerBall@2x.png */,
				A26360561B73EA1C002F24D7 /* AppDelegate.h */,
				A26360571B73EA1C002F24D7 /* AppDelegate.m */,
				A26360591B73EA1C002F24D7 /* GameScene.h */,
				A263605A1B73EA1C002F24D7 /* GameScene.m */,
				A263605C1B73EA1C002F24D7 /* GameScene.sks */,
				A263605E1B73EA1C002F24D7 /* GameViewController.h */,
				A263605F1B73EA1C002F24D7 /* GameViewController.m */,
				A26360611B73EA1C002F24D7 /* Main.storyboard */,
				A26360641B73EA1C002F24D7 /* Images.xcassets */,
				A26360661B73EA1C002F24D7 /* LaunchScreen.xib */,
				A26360521B73EA1C002F24D7 /* Supporting Files */,
			);
			path = "Bouncing Balls";
			sourceTree = "<group>";
		};
		A26360521B73EA1C002F24D7 /* Supporting Files */ = {
			isa = PBXGroup;
			children = (
				A26360531B73EA1C002F24D7 /* Info.plist */,
				A26360541B73EA1C002F24D7 /* main.m */,
			);
			name = "Supporting Files";
			sourceTree = "<group>";
		};
		A26360701B73EA1C002F24D7 /* Bouncing BallsTests */ = {
			isa = PBXGroup;
			children = (
				A26360731B73EA1C002F24D7 /* Bouncing_BallsTests.m */,
				A26360711B73EA1C002F24D7 /* Supporting Files */,
			);
			path = "Bouncing BallsTests";
			sourceTree = "<group>";
		};
		A26360711B73EA1C002F24D7 /* Supporting Files */ = {
			isa = PBXGroup;
			children = (
				A26360721B73EA1C002F24D7 /* Info.plist */,
			);
			name = "Supporting Files";
			sourceTree = "<group>";
		};
/* End PBXGroup section */

/* Begin PBXNativeTarget section */
		A263604E1B73EA1C002F24D7 /* Bouncing Balls */ = {
			isa = PBXNativeTarget;
			buildConfigurationList = A26360771B73EA1C002F24D7 /* Build configuration list for PBXNativeTarget "Bouncing Balls" */;
			buildPhases = (
				A263604B1B73EA1C002F24D7 /* Sources */,
				A263604C1B73EA1C002F24D7 /* Frameworks */,
				A263604D1B73EA1C002F24D7 /* Resources */,
			);
			buildRules = (
			);
			dependencies = (
			);
			name = "Bouncing Balls";
			productName = "Bouncing Balls";
			productReference = A263604F1B73EA1C002F24D7 /* Bouncing Balls.app */;
			productType = "com.apple.product-type.application";
		};
		A263606C1B73EA1C002F24D7 /* Bouncing BallsTests */ = {
			isa = PBXNativeTarget;
			buildConfigurationList = A263607A1B73EA1C002F24D7 /* Build configuration list for PBXNativeTarget "Bouncing BallsTests" */;
			buildPhases = (
				A26360691B73EA1C002F24D7 /* Sources */,
				A263606A1B73EA1C002F24D7 /* Frameworks */,
				A263606B1B73EA1C002F24D7 /* Resources */,
			);
			buildRules = (
			);
			dependencies = (
				A263606F1B73EA1C002F24D7 /* PBXTargetDependency */,
			);
			name = "Bouncing BallsTests";
			productName = "Bouncing BallsTests";
			productReference = A263606D1B73EA1C002F24D7 /* Bouncing BallsTests.xctest */;
			productType = "com.apple.product-type.bundle.unit-test";
		};
/* End PBXNativeTarget section */

/* Begin PBXProject section */
		A26360471B73EA1C002F24D7 /* Project object */ = {
			isa = PBXProject;
			attributes = {
				LastUpgradeCheck = 0640;
				ORGANIZATIONNAME = "omar lahlou";
				TargetAttributes = {
					A263604E1B73EA1C002F24D7 = {
						CreatedOnToolsVersion = 6.4;
					};
					A263606C1B73EA1C002F24D7 = {
						CreatedOnToolsVersion = 6.4;
						TestTargetID = A263604E1B73EA1C002F24D7;
					};
				};
			};
			buildConfigurationList = A263604A1B73EA1C002F24D7 /* Build configuration list for PBXProject "Bouncing Balls" */;
			compatibilityVersion = "Xcode 3.2";
			developmentRegion = English;
			hasScannedForEncodings = 0;
			knownRegions = (
				en,
				Base,
			);
			mainGroup = A26360461B73EA1C002F24D7;
			productRefGroup = A26360501B73EA1C002F24D7 /* Products */;
			projectDirPath = "";
			projectRoot = "";
			targets = (
				A263604E1B73EA1C002F24D7 /* Bouncing Balls */,
				A263606C1B73EA1C002F24D7 /* Bouncing BallsTests */,
			);
		};
/* End PBXProject section */

/* Begin PBXResourcesBuildPhase section */
		A263604D1B73EA1C002F24D7 /* Resources */ = {
			isa = PBXResourcesBuildPhase;
			buildActionMask = 2147483647;
			files = (
				A26360681B73EA1C002F24D7 /* LaunchScreen.xib in Resources */,
				A26360651B73EA1C002F24D7 /* Images.xcassets in Resources */,
				A263605D1B73EA1C002F24D7 /* GameScene.sks in Resources */,
				A26360631B73EA1C002F24D7 /* Main.storyboard in Resources */,
				A2691FCF1B7815B800A2159E /* 8Ball@2x.png in Resources */,
				A2691FD01B7815B800A2159E /* BeachBall@2x.png in Resources */,
				A2691FD11B7815B800A2159E /* SoccerBall@2x.png in Resources */,
			);
			runOnlyForDeploymentPostprocessing = 0;
		};
		A263606B1B73EA1C002F24D7 /* Resources */ = {
			isa = PBXResourcesBuildPhase;
			buildActionMask = 2147483647;
			files = (
			);
			runOnlyForDeploymentPostprocessing = 0;
		};
/* End PBXResourcesBuildPhase section */

/* Begin PBXSourcesBuildPhase section */
		A263604B1B73EA1C002F24D7 /* Sources */ = {
			isa = PBXSourcesBuildPhase;
			buildActionMask = 2147483647;
			files = (
				A26360601B73EA1C002F24D7 /* GameViewController.m in Sources */,
				A26360581B73EA1C002F24D7 /* AppDelegate.m in Sources */,
				A263605B1B73EA1C002F24D7 /* GameScene.m in Sources */,
				A26360551B73EA1C002F24D7 /* main.m in Sources */,
			);
			runOnlyForDeploymentPostprocessing = 0;
		};
		A26360691B73EA1C002F24D7 /* Sources */ = {
			isa = PBXSourcesBuildPhase;
			buildActionMask = 2147483647;
			files = (
				A26360741B73EA1C002F24D7 /* Bouncing_BallsTests.m in Sources */,
			);
			runOnlyForDeploymentPostprocessing = 0;
		};
/* End PBXSourcesBuildPhase section */

/* Begin PBXTargetDependency section */
		A263606F1B73EA1C002F24D7 /* PBXTargetDependency */ = {
			isa = PBXTargetDependency;
			target = A263604E1B73EA1C002F24D7 /* Bouncing Balls */;
			targetProxy = A263606E1B73EA1C002F24D7 /* PBXContainerItemProxy */;
		};
/* End PBXTargetDependency section */

/* Begin PBXVariantGroup section */
		A26360611B73EA1C002F24D7 /* Main.storyboard */ = {
			isa = PBXVariantGroup;
			children = (
				A26360621B73EA1C002F24D7 /* Base */,
			);
			name = Main.storyboard;
			sourceTree = "<group>";
		};
		A26360661B73EA1C002F24D7 /* LaunchScreen.xib */ = {
			isa = PBXVariantGroup;
			children = (
				A26360671B73EA1C002F24D7 /* Base */,
			);
			name = LaunchScreen.xib;
			sourceTree = "<group>";
		};
/* End PBXVariantGroup section */

/* Begin XCBuildConfiguration section */
		A26360751B73EA1C002F24D7 /* Debug */ = {
			isa = XCBuildConfiguration;
			buildSettings = {
				ALWAYS_SEARCH_USER_PATHS = NO;
				CLANG_CXX_LANGUAGE_STANDARD = "gnu++0x";
				CLANG_CXX_LIBRARY = "libc++";
				CLANG_ENABLE_MODULES = YES;
				CLANG_ENABLE_OBJC_ARC = YES;
				CLANG_WARN_BOOL_CONVERSION = YES;
				CLANG_WARN_CONSTANT_CONVERSION = YES;
				CLANG_WARN_DIRECT_OBJC_ISA_USAGE = YES_ERROR;
				CLANG_WARN_EMPTY_BODY = YES;
				CLANG_WARN_ENUM_CONVERSION = YES;
				CLANG_WARN_INT_CONVERSION = YES;
				CLANG_WARN_OBJC_ROOT_CLASS = YES_ERROR;
				CLANG_WARN_UNREACHABLE_CODE = YES;
				CLANG_WARN__DUPLICATE_METHOD_MATCH = YES;
				"CODE_SIGN_IDENTITY[sdk=iphoneos*]" = "iPhone Developer";
				COPY_PHASE_STRIP = NO;
				DEBUG_INFORMATION_FORMAT = "dwarf-with-dsym";
				ENABLE_STRICT_OBJC_MSGSEND = YES;
				GCC_C_LANGUAGE_STANDARD = gnu99;
				GCC_DYNAMIC_NO_PIC = NO;
				GCC_NO_COMMON_BLOCKS = YES;
				GCC_OPTIMIZATION_LEVEL = 0;
				GCC_PREPROCESSOR_DEFINITIONS = (
					"DEBUG=1",
					"$(inherited)",
				);
				GCC_SYMBOLS_PRIVATE_EXTERN = NO;
				GCC_WARN_64_TO_32_BIT_CONVERSION = YES;
				GCC_WARN_ABOUT_RETURN_TYPE = YES_ERROR;
				GCC_WARN_UNDECLARED_SELECTOR = YES;
				GCC_WARN_UNINITIALIZED_AUTOS = YES_AGGRESSIVE;
				GCC_WARN_UNUSED_FUNCTION = YES;
				GCC_WARN_UNUSED_VARIABLE = YES;
				IPHONEOS_DEPLOYMENT_TARGET = 8.4;
				MTL_ENABLE_DEBUG_INFO = YES;
				ONLY_ACTIVE_ARCH = YES;
				SDKROOT = iphoneos;
			};
			name = Debug;
		};
		A26360761B73EA1C002F24D7 /* Release */ = {
			isa = XCBuildConfiguration;
			buildSettings = {
				ALWAYS_SEARCH_USER_PATHS = NO;
				CLANG_CXX_LANGUAGE_STANDARD = "gnu++0x";
				CLANG_CXX_LIBRARY = "libc++";
				CLANG_ENABLE_MODULES = YES;
				CLANG_ENABLE_OBJC_ARC = YES;
				CLANG_WARN_BOOL_CONVERSION = YES;
				CLANG_WARN_CONSTANT_CONVERSION = YES;
				CLANG_WARN_DIRECT_OBJC_ISA_USAGE = YES_ERROR;
				CLANG_WARN_EMPTY_BODY = YES;
				CLANG_WARN_ENUM_CONVERSION = YES;
				CLANG_WARN_INT_CONVERSION = YES;
				CLANG_WARN_OBJC_ROOT_CLASS = YES_ERROR;
				CLANG_WARN_UNREACHABLE_CODE = YES;
				CLANG_WARN__DUPLICATE_METHOD_MATCH = YES;
				"CODE_SIGN_IDENTITY[sdk=iphoneos*]" = "iPhone Developer";
				COPY_PHASE_STRIP = NO;
				DEBUG_INFORMATION_FORMAT = "dwarf-with-dsym";
				ENABLE_NS_ASSERTIONS = NO;
				ENABLE_STRICT_OBJC_MSGSEND = YES;
				GCC_C_LANGUAGE_STANDARD = gnu99;
				GCC_NO_COMMON_BLOCKS = YES;
				GCC_WARN_64_TO_32_BIT_CONVERSION = YES;
				GCC_WARN_ABOUT_RETURN_TYPE = YES_ERROR;
				GCC_WARN_UNDECLARED_SELECTOR = YES;
				GCC_WARN_UNINITIALIZED_AUTOS = YES_AGGRESSIVE;
				GCC_WARN_UNUSED_FUNCTION = YES;
				GCC_WARN_UNUSED_VARIABLE = YES;
				IPHONEOS_DEPLOYMENT_TARGET = 8.4;
				MTL_ENABLE_DEBUG_INFO = NO;
				SDKROOT = iphoneos;
				VALIDATE_PRODUCT = YES;
			};
			name = Release;
		};
		A26360781B73EA1C002F24D7 /* Debug */ = {
			isa = XCBuildConfiguration;
			buildSettings = {
				ASSETCATALOG_COMPILER_APPICON_NAME = AppIcon;
				INFOPLIST_FILE = "Bouncing Balls/Info.plist";
				IPHONEOS_DEPLOYMENT_TARGET = 7.0;
				LD_RUNPATH_SEARCH_PATHS = "$(inherited) @executable_path/Frameworks";
				PRODUCT_NAME = "$(TARGET_NAME)";
				TARGETED_DEVICE_FAMILY = 1;
			};
			name = Debug;
		};
		A26360791B73EA1C002F24D7 /* Release */ = {
			isa = XCBuildConfiguration;
			buildSettings = {
				ASSETCATALOG_COMPILER_APPICON_NAME = AppIcon;
				INFOPLIST_FILE = "Bouncing Balls/Info.plist";
				IPHONEOS_DEPLOYMENT_TARGET = 7.0;
				LD_RUNPATH_SEARCH_PATHS = "$(inherited) @executable_path/Frameworks";
				PRODUCT_NAME = "$(TARGET_NAME)";
				TARGETED_DEVICE_FAMILY = 1;
			};
			name = Release;
		};
		A263607B1B73EA1C002F24D7 /* Debug */ = {
			isa = XCBuildConfiguration;
			buildSettings = {
				BUNDLE_LOADER = "$(TEST_HOST)";
				FRAMEWORK_SEARCH_PATHS = (
					"$(SDKROOT)/Developer/Library/Frameworks",
					"$(inherited)",
				);
				GCC_PREPROCESSOR_DEFINITIONS = (
					"DEBUG=1",
					"$(inherited)",
				);
				INFOPLIST_FILE = "Bouncing BallsTests/Info.plist";
				LD_RUNPATH_SEARCH_PATHS = "$(inherited) @executable_path/Frameworks @loader_path/Frameworks";
				PRODUCT_NAME = "$(TARGET_NAME)";
				TEST_HOST = "$(BUILT_PRODUCTS_DIR)/Bouncing Balls.app/Bouncing Balls";
			};
			name = Debug;
		};
		A263607C1B73EA1C002F24D7 /* Release */ = {
			isa = XCBuildConfiguration;
			buildSettings = {
				BUNDLE_LOADER = "$(TEST_HOST)";
				FRAMEWORK_SEARCH_PATHS = (
					"$(SDKROOT)/Developer/Library/Frameworks",
					"$(inherited)",
				);
				INFOPLIST_FILE = "Bouncing BallsTests/Info.plist";
				LD_RUNPATH_SEARCH_PATHS = "$(inherited) @executable_path/Frameworks @loader_path/Frameworks";
				PRODUCT_NAME = "$(TARGET_NAME)";
				TEST_HOST = "$(BUILT_PRODUCTS_DIR)/Bouncing Balls.app/Bouncing Balls";
			};
			name = Release;
		};
/* End XCBuildConfiguration section */

/* Begin XCConfigurationList section */
		A263604A1B73EA1C002F24D7 /* Build configuration list for PBXProject "Bouncing Balls" */ = {
			isa = XCConfigurationList;
			buildConfigurations = (
				A26360751B73EA1C002F24D7 /* Debug */,
				A26360761B73EA1C002F24D7 /* Release */,
			);
			defaultConfigurationIsVisible = 0;
			defaultConfigurationName = Release;
		};
		A26360771B73EA1C002F24D7 /* Build configuration list for PBXNativeTarget "Bouncing Balls" */ = {
			isa = XCConfigurationList;
			buildConfigurations = (
				A26360781B73EA1C002F24D7 /* Debug */,
				A26360791B73EA1C002F24D7 /* Release */,
			);
			defaultConfigurationIsVisible = 0;
			defaultConfigurationName = Release;
		};
		A263607A1B73EA1C002F24D7 /* Build configuration list for PBXNativeTarget "Bouncing BallsTests" */ = {
			isa = XCConfigurationList;
			buildConfigurations = (
				A263607B1B73EA1C002F24D7 /* Debug */,
				A263607C1B73EA1C002F24D7 /* Release */,
			);
			defaultConfigurationIsVisible = 0;
			defaultConfigurationName = Release;
		};
/* End XCConfigurationList section */
	};
	rootObject = A26360471B73EA1C002F24D7 /* Project object */;
}
